# This file is automatically @generated by Poetry 2.3.4 and should not be changed by hand.

[[package]]
name = "git-filter-repo"
version = "2.47.0"
description = "Quickly rewrite git repository history"
optional = false
python-versions = ">=3.6"
groups = ["main"]
files = [
    {file = "git_filter_repo-2.47.0-py3-none-any.whl", hash = "sha256:2cd04929b9024e83e65db571cbe36aec65ead0cb5f9ec5abe42158654af5ad83"},
    {file = "git_filter_repo-2.47.0.tar.gz", hash = "sha256:411b27e68a080c07a69c233cb526dbc2d848b09a72f10477f4444dd0822cf290"},
]

[[package]]
name = "typeguard"
version = "4.5.1"
description = "Run-time type checker for Python"
optional = false
python-versions = ">=3.9"
groups = ["main"]
files = [
    {file = "typeguard-4.5.1-py3-none-any.whl", hash = "sha256:44d2bf329d49a244110a090b55f5f91aa82d9a9834ebfd30bcc73651e4a8cc40"},
    {file = "typeguard-4.5.1.tar.gz", hash = "sha256:f6f8ecbbc819c9bc749983cc67c02391e16a9b43b8b27f15dc70ed7c4a007274"},
]

[package.dependencies]
typing_extensions = ">=4.14.0"

[[package]]
name = "typing-extensions"
version = "4.15.0"
description = "Backported and Experimental Type Hints for Python 3.9+"
optional = false
python-versions = ">=3.9"
groups = ["main"]
files = [
    {file = "typing_extensions-4.15.0-py3-none-any.whl", hash = "sha256:f0fa19c6845758ab08074a0cfa8b7aecb71c999ca73d62883bc25cc018c4e548"},
    {file = "typing_extensions-4.15.0.tar.gz", hash = "sha256:0cea48d173cc12fa28ecabc3b837ea3cf6f38c6d1136f85cbaaf598984861466"},
]

[metadata]
lock-version = "2.1"
python-versions = ">=3.12,<4.0"
content-hash = "40a3a9a7c2dee4d25720278e9eb50a1adee219369eb1e9cddd90675ff0be3768"
